
Microsoft Visual Studio Solution File, Format Version 12.00
# Visual Studio Version 16
VisualStudioVersion = 16.0.31702.278
MinimumVisualStudioVersion = 10.0.40219.1
Project("{9A19103F-16F7-4668-BE54-9A1E7A4F7556}") = "UiS.Dat240.Lab3", "UiS.Dat240.Lab3\UiS.Dat240.Lab3.csproj", "{46F41AD8-D079-4F54-8870-664352215FFE}"
EndProject
Project("{9A19103F-16F7-4668-BE54-9A1E7A4F7556}") = "UiS.Dat240.Lab3.Tests", "UiS.Dat240.Lab3.Tests\UiS.Dat240.Lab3.Tests.csproj", "{3D9D3556-7977-457F-BB02-2E7B8337B179}"
EndProject
Global
	GlobalSection(SolutionConfigurationPlatforms) = preSolution
		Debug|Any CPU = Debug|Any CPU
		Release|Any CPU = Release|Any CPU
	EndGlobalSection
	GlobalSection(ProjectConfigurationPlatforms) = postSolution
		{46F41AD8-D079-4F54-8870-664352215FFE}.Debug|Any CPU.ActiveCfg = Debug|Any CPU
		{46F41AD8-D079-4F54-8870-664352215FFE}.Debug|Any CPU.Build.0 = Debug|Any CPU
		{46F41AD8-D079-4F54-8870-664352215FFE}.Release|Any CPU.ActiveCfg = Release|Any CPU
		{46F41AD8-D079-4F54-8870-664352215FFE}.Release|Any CPU.Build.0 = Release|Any CPU
		{3D9D3556-7977-457F-BB02-2E7B8337B179}.Debug|Any CPU.ActiveCfg = Debug|Any CPU
		{3D9D3556-7977-457F-BB02-2E7B8337B179}.Debug|Any CPU.Build.0 = Debug|Any CPU
		{3D9D3556-7977-457F-BB02-2E7B8337B179}.Release|Any CPU.ActiveCfg = Release|Any CPU
		{3D9D3556-7977-457F-BB02-2E7B8337B179}.Release|Any CPU.Build.0 = Release|Any CPU
	EndGlobalSection
	GlobalSection(SolutionProperties) = preSolution
		HideSolutionNode = FALSE
	EndGlobalSection
	GlobalSection(ExtensibilityGlobals) = postSolution
		SolutionGuid = {4DF6F297-512D-4850-A0A9-60387248F02E}
	EndGlobalSection
EndGlobal
